// !$*UTF8*$!
{
	archiveVersion = 1;
	classes = {
	};
	objectVersion = 56;
	objects = {

/* Begin PBXBuildFile section */
		9191EA66299D557100F029E1 /* LoginProjectApp.swift in Sources */ = {isa = PBXBuildFile; fileRef = 9191EA65299D557100F029E1 /* LoginProjectApp.swift */; };
		9191EA68299D557100F029E1 /* ContentView.swift in Sources */ = {isa = PBXBuildFile; fileRef = 9191EA67299D557100F029E1 /* ContentView.swift */; };
		9191EA6A299D557300F029E1 /* Assets.xcassets in Resources */ = {isa = PBXBuildFile; fileRef = 9191EA69299D557300F029E1 /* Assets.xcassets */; };
		9191EA6D299D557300F029E1 /* Preview Assets.xcassets in Resources */ = {isa = PBXBuildFile; fileRef = 9191EA6C299D557300F029E1 /* Preview Assets.xcassets */; };
		9191EA75299D5C8E00F029E1 /* FirebaseAuth in Frameworks */ = {isa = PBXBuildFile; productRef = 9191EA74299D5C8E00F029E1 /* FirebaseAuth */; };
		9191EA78299D5EF900F029E1 /* GoogleSignIn in Frameworks */ = {isa = PBXBuildFile; productRef = 9191EA77299D5EF900F029E1 /* GoogleSignIn */; };
		9191EA7A299D5EF900F029E1 /* GoogleSignInSwift in Frameworks */ = {isa = PBXBuildFile; productRef = 9191EA79299D5EF900F029E1 /* GoogleSignInSwift */; };
		9191EA7C299D5F4700F029E1 /* GoogleService-Info.plist in Resources */ = {isa = PBXBuildFile; fileRef = 9191EA7B299D5F4700F029E1 /* GoogleService-Info.plist */; };
		9191EA81299D617500F029E1 /* Login.swift in Sources */ = {isa = PBXBuildFile; fileRef = 9191EA80299D617500F029E1 /* Login.swift */; };
		9191EA83299D62FF00F029E1 /* CustomTextField.swift in Sources */ = {isa = PBXBuildFile; fileRef = 9191EA82299D62FF00F029E1 /* CustomTextField.swift */; };
		9191EA85299D643B00F029E1 /* LoginViewModel.swift in Sources */ = {isa = PBXBuildFile; fileRef = 9191EA84299D643B00F029E1 /* LoginViewModel.swift */; };
		91A5847E299E1984001A3BC3 /* SignupViewModel.swift in Sources */ = {isa = PBXBuildFile; fileRef = 91A5847D299E1984001A3BC3 /* SignupViewModel.swift */; };
		91A58482299E1AD2001A3BC3 /* SignUp.swift in Sources */ = {isa = PBXBuildFile; fileRef = 91A58481299E1AD2001A3BC3 /* SignUp.swift */; };
		91A58484299E3E49001A3BC3 /* AuthViewModel.swift in Sources */ = {isa = PBXBuildFile; fileRef = 91A58483299E3E49001A3BC3 /* AuthViewModel.swift */; };
		91A58488299E3F25001A3BC3 /* Home.swift in Sources */ = {isa = PBXBuildFile; fileRef = 91A58487299E3F25001A3BC3 /* Home.swift */; };
		91A584A7299E67A1001A3BC3 /* Colors.swift in Sources */ = {isa = PBXBuildFile; fileRef = 91A584A6299E67A1001A3BC3 /* Colors.swift */; };
		91A584AA299E96FC001A3BC3 /* FirebaseDatabase in Frameworks */ = {isa = PBXBuildFile; productRef = 91A584A9299E96FC001A3BC3 /* FirebaseDatabase */; };
		91A584AC299E96FC001A3BC3 /* FirebaseFirestore in Frameworks */ = {isa = PBXBuildFile; productRef = 91A584AB299E96FC001A3BC3 /* FirebaseFirestore */; };
		91A584AE299E96FC001A3BC3 /* FirebaseStorage in Frameworks */ = {isa = PBXBuildFile; productRef = 91A584AD299E96FC001A3BC3 /* FirebaseStorage */; };
		91A584B0299E9874001A3BC3 /* User.swift in Sources */ = {isa = PBXBuildFile; fileRef = 91A584AF299E9874001A3BC3 /* User.swift */; };
		91A584B2299E9D0D001A3BC3 /* FirebaseModel.swift in Sources */ = {isa = PBXBuildFile; fileRef = 91A584B1299E9D0D001A3BC3 /* FirebaseModel.swift */; };
		91A584B429A225E7001A3BC3 /* Header.swift in Sources */ = {isa = PBXBuildFile; fileRef = 91A584B329A225E7001A3BC3 /* Header.swift */; };
		91A584B629A26844001A3BC3 /* Loading.swift in Sources */ = {isa = PBXBuildFile; fileRef = 91A584B529A26844001A3BC3 /* Loading.swift */; };
		91A584B829A3AA87001A3BC3 /* Corners.swift in Sources */ = {isa = PBXBuildFile; fileRef = 91A584B729A3AA87001A3BC3 /* Corners.swift */; };
/* End PBXBuildFile section */

/* Begin PBXFileReference section */
		9191EA62299D557100F029E1 /* LoginProject.app */ = {isa = PBXFileReference; explicitFileType = wrapper.application; includeInIndex = 0; path = LoginProject.app; sourceTree = BUILT_PRODUCTS_DIR; };
		9191EA65299D557100F029E1 /* LoginProjectApp.swift */ = {isa = PBXFileReference; lastKnownFileType = sourcecode.swift; path = LoginProjectApp.swift; sourceTree = "<group>"; };
		9191EA67299D557100F029E1 /* ContentView.swift */ = {isa = PBXFileReference; lastKnownFileType = sourcecode.swift; path = ContentView.swift; sourceTree = "<group>"; };
		9191EA69299D557300F029E1 /* Assets.xcassets */ = {isa = PBXFileReference; lastKnownFileType = folder.assetcatalog; path = Assets.xcassets; sourceTree = "<group>"; };
		9191EA6C299D557300F029E1 /* Preview Assets.xcassets */ = {isa = PBXFileReference; lastKnownFileType = folder.assetcatalog; path = "Preview Assets.xcassets"; sourceTree = "<group>"; };
		9191EA7B299D5F4700F029E1 /* GoogleService-Info.plist */ = {isa = PBXFileReference; fileEncoding = 4; lastKnownFileType = text.plist.xml; name = "GoogleService-Info.plist"; path = "../../../../Downloads/GoogleService-Info.plist"; sourceTree = "<group>"; };
		9191EA7D299D609C00F029E1 /* Info.plist */ = {isa = PBXFileReference; lastKnownFileType = text.plist; path = Info.plist; sourceTree = "<group>"; };
		9191EA80299D617500F029E1 /* Login.swift */ = {isa = PBXFileReference; lastKnownFileType = sourcecode.swift; path = Login.swift; sourceTree = "<group>"; };
		9191EA82299D62FF00F029E1 /* CustomTextField.swift */ = {isa = PBXFileReference; lastKnownFileType = sourcecode.swift; path = CustomTextField.swift; sourceTree = "<group>"; };
		9191EA84299D643B00F029E1 /* LoginViewModel.swift */ = {isa = PBXFileReference; lastKnownFileType = sourcecode.swift; path = LoginViewModel.swift; sourceTree = "<group>"; };
		91A5847D299E1984001A3BC3 /* SignupViewModel.swift */ = {isa = PBXFileReference; lastKnownFileType = sourcecode.swift; path = SignupViewModel.swift; sourceTree = "<group>"; };
		91A58481299E1AD2001A3BC3 /* SignUp.swift */ = {isa = PBXFileReference; lastKnownFileType = sourcecode.swift; path = SignUp.swift; sourceTree = "<group>"; };
		91A58483299E3E49001A3BC3 /* AuthViewModel.swift */ = {isa = PBXFileReference; lastKnownFileType = sourcecode.swift; path = AuthViewModel.swift; sourceTree = "<group>"; };
		91A58487299E3F25001A3BC3 /* Home.swift */ = {isa = PBXFileReference; lastKnownFileType = sourcecode.swift; path = Home.swift; sourceTree = "<group>"; };
		91A584A6299E67A1001A3BC3 /* Colors.swift */ = {isa = PBXFileReference; lastKnownFileType = sourcecode.swift; path = Colors.swift; sourceTree = "<group>"; };
		91A584AF299E9874001A3BC3 /* User.swift */ = {isa = PBXFileReference; lastKnownFileType = sourcecode.swift; path = User.swift; sourceTree = "<group>"; };
		91A584B1299E9D0D001A3BC3 /* FirebaseModel.swift */ = {isa = PBXFileReference; lastKnownFileType = sourcecode.swift; path = FirebaseModel.swift; sourceTree = "<group>"; };
		91A584B329A225E7001A3BC3 /* Header.swift */ = {isa = PBXFileReference; lastKnownFileType = sourcecode.swift; path = Header.swift; sourceTree = "<group>"; };
		91A584B529A26844001A3BC3 /* Loading.swift */ = {isa = PBXFileReference; lastKnownFileType = sourcecode.swift; path = Loading.swift; sourceTree = "<group>"; };
		91A584B729A3AA87001A3BC3 /* Corners.swift */ = {isa = PBXFileReference; lastKnownFileType = sourcecode.swift; path = Corners.swift; sourceTree = "<group>"; };
/* End PBXFileReference section */

/* Begin PBXFrameworksBuildPhase section */
		9191EA5F299D557100F029E1 /* Frameworks */ = {
			isa = PBXFrameworksBuildPhase;
			buildActionMask = 2147483647;
			files = (
				9191EA7A299D5EF900F029E1 /* GoogleSignInSwift in Frameworks */,
				9191EA75299D5C8E00F029E1 /* FirebaseAuth in Frameworks */,
				91A584AA299E96FC001A3BC3 /* FirebaseDatabase in Frameworks */,
				91A584AC299E96FC001A3BC3 /* FirebaseFirestore in Frameworks */,
				9191EA78299D5EF900F029E1 /* GoogleSignIn in Frameworks */,
				91A584AE299E96FC001A3BC3 /* FirebaseStorage in Frameworks */,
			);
			runOnlyForDeploymentPostprocessing = 0;
		};
/* End PBXFrameworksBuildPhase section */

/* Begin PBXGroup section */
		9191EA59299D557100F029E1 = {
			isa = PBXGroup;
			children = (
				9191EA64299D557100F029E1 /* LoginProject */,
				9191EA63299D557100F029E1 /* Products */,
				91A584A8299E96FC001A3BC3 /* Frameworks */,
			);
			sourceTree = "<group>";
		};
		9191EA63299D557100F029E1 /* Products */ = {
			isa = PBXGroup;
			children = (
				9191EA62299D557100F029E1 /* LoginProject.app */,
			);
			name = Products;
			sourceTree = "<group>";
		};
		9191EA64299D557100F029E1 /* LoginProject */ = {
			isa = PBXGroup;
			children = (
				91A58489299E40E6001A3BC3 /* Model */,
				9191EA7F299D616500F029E1 /* ViewModel */,
				9191EA7E299D615D00F029E1 /* View */,
				9191EA7D299D609C00F029E1 /* Info.plist */,
				9191EA7B299D5F4700F029E1 /* GoogleService-Info.plist */,
				9191EA65299D557100F029E1 /* LoginProjectApp.swift */,
				9191EA67299D557100F029E1 /* ContentView.swift */,
				91A584A6299E67A1001A3BC3 /* Colors.swift */,
				9191EA69299D557300F029E1 /* Assets.xcassets */,
				9191EA6B299D557300F029E1 /* Preview Content */,
			);
			path = LoginProject;
			sourceTree = "<group>";
		};
		9191EA6B299D557300F029E1 /* Preview Content */ = {
			isa = PBXGroup;
			children = (
				9191EA6C299D557300F029E1 /* Preview Assets.xcassets */,
			);
			path = "Preview Content";
			sourceTree = "<group>";
		};
		9191EA7E299D615D00F029E1 /* View */ = {
			isa = PBXGroup;
			children = (
				9191EA80299D617500F029E1 /* Login.swift */,
				9191EA82299D62FF00F029E1 /* CustomTextField.swift */,
				91A58481299E1AD2001A3BC3 /* SignUp.swift */,
				91A58487299E3F25001A3BC3 /* Home.swift */,
				91A584B329A225E7001A3BC3 /* Header.swift */,
				91A584B529A26844001A3BC3 /* Loading.swift */,
				91A584B729A3AA87001A3BC3 /* Corners.swift */,
			);
			path = View;
			sourceTree = "<group>";
		};
		9191EA7F299D616500F029E1 /* ViewModel */ = {
			isa = PBXGroup;
			children = (
				9191EA84299D643B00F029E1 /* LoginViewModel.swift */,
				91A5847D299E1984001A3BC3 /* SignupViewModel.swift */,
				91A58483299E3E49001A3BC3 /* AuthViewModel.swift */,
			);
			path = ViewModel;
			sourceTree = "<group>";
		};
		91A58489299E40E6001A3BC3 /* Model */ = {
			isa = PBXGroup;
			children = (
				91A584AF299E9874001A3BC3 /* User.swift */,
				91A584B1299E9D0D001A3BC3 /* FirebaseModel.swift */,
			);
			path = Model;
			sourceTree = "<group>";
		};
		91A584A8299E96FC001A3BC3 /* Frameworks */ = {
			isa = PBXGroup;
			children = (
			);
			name = Frameworks;
			sourceTree = "<group>";
		};
/* End PBXGroup section */

/* Begin PBXNativeTarget section */
		9191EA61299D557100F029E1 /* LoginProject */ = {
			isa = PBXNativeTarget;
			buildConfigurationList = 9191EA70299D557300F029E1 /* Build configuration list for PBXNativeTarget "LoginProject" */;
			buildPhases = (
				9191EA5E299D557100F029E1 /* Sources */,
				9191EA5F299D557100F029E1 /* Frameworks */,
				9191EA60299D557100F029E1 /* Resources */,
			);
			buildRules = (
			);
			dependencies = (
			);
			name = LoginProject;
			packageProductDependencies = (
				9191EA74299D5C8E00F029E1 /* FirebaseAuth */,
				9191EA77299D5EF900F029E1 /* GoogleSignIn */,
				9191EA79299D5EF900F029E1 /* GoogleSignInSwift */,
				91A584A9299E96FC001A3BC3 /* FirebaseDatabase */,
				91A584AB299E96FC001A3BC3 /* FirebaseFirestore */,
				91A584AD299E96FC001A3BC3 /* FirebaseStorage */,
			);
			productName = LoginProject;
			productReference = 9191EA62299D557100F029E1 /* LoginProject.app */;
			productType = "com.apple.product-type.application";
		};
/* End PBXNativeTarget section */

/* Begin PBXProject section */
		9191EA5A299D557100F029E1 /* Project object */ = {
			isa = PBXProject;
			attributes = {
				BuildIndependentTargetsInParallel = 1;
				LastSwiftUpdateCheck = 1420;
				LastUpgradeCheck = 1420;
				TargetAttributes = {
					9191EA61299D557100F029E1 = {
						CreatedOnToolsVersion = 14.2;
					};
				};
			};
			buildConfigurationList = 9191EA5D299D557100F029E1 /* Build configuration list for PBXProject "LoginProject" */;
			compatibilityVersion = "Xcode 14.0";
			developmentRegion = en;
			hasScannedForEncodings = 0;
			knownRegions = (
				en,
				Base,
			);
			mainGroup = 9191EA59299D557100F029E1;
			packageReferences = (
				9191EA73299D5C8E00F029E1 /* XCRemoteSwiftPackageReference "firebase-ios-sdk" */,
				9191EA76299D5EF900F029E1 /* XCRemoteSwiftPackageReference "GoogleSignIn-iOS" */,
			);
			productRefGroup = 9191EA63299D557100F029E1 /* Products */;
			projectDirPath = "";
			projectRoot = "";
			targets = (
				9191EA61299D557100F029E1 /* LoginProject */,
			);
		};
/* End PBXProject section */

/* Begin PBXResourcesBuildPhase section */
		9191EA60299D557100F029E1 /* Resources */ = {
			isa = PBXResourcesBuildPhase;
			buildActionMask = 2147483647;
			files = (
				9191EA6D299D557300F029E1 /* Preview Assets.xcassets in Resources */,
				9191EA6A299D557300F029E1 /* Assets.xcassets in Resources */,
				9191EA7C299D5F4700F029E1 /* GoogleService-Info.plist in Resources */,
			);
			runOnlyForDeploymentPostprocessing = 0;
		};
/* End PBXResourcesBuildPhase section */

/* Begin PBXSourcesBuildPhase section */
		9191EA5E299D557100F029E1 /* Sources */ = {
			isa = PBXSourcesBuildPhase;
			buildActionMask = 2147483647;
			files = (
				91A584B2299E9D0D001A3BC3 /* FirebaseModel.swift in Sources */,
				91A584B429A225E7001A3BC3 /* Header.swift in Sources */,
				9191EA83299D62FF00F029E1 /* CustomTextField.swift in Sources */,
				91A584A7299E67A1001A3BC3 /* Colors.swift in Sources */,
				91A584B629A26844001A3BC3 /* Loading.swift in Sources */,
				9191EA81299D617500F029E1 /* Login.swift in Sources */,
				9191EA68299D557100F029E1 /* ContentView.swift in Sources */,
				91A58488299E3F25001A3BC3 /* Home.swift in Sources */,
				91A5847E299E1984001A3BC3 /* SignupViewModel.swift in Sources */,
				9191EA85299D643B00F029E1 /* LoginViewModel.swift in Sources */,
				91A58482299E1AD2001A3BC3 /* SignUp.swift in Sources */,
				9191EA66299D557100F029E1 /* LoginProjectApp.swift in Sources */,
				91A58484299E3E49001A3BC3 /* AuthViewModel.swift in Sources */,
				91A584B829A3AA87001A3BC3 /* Corners.swift in Sources */,
				91A584B0299E9874001A3BC3 /* User.swift in Sources */,
			);
			runOnlyForDeploymentPostprocessing = 0;
		};
/* End PBXSourcesBuildPhase section */

/* Begin XCBuildConfiguration section */
		9191EA6E299D557300F029E1 /* Debug */ = {
			isa = XCBuildConfiguration;
			buildSettings = {
				ALWAYS_SEARCH_USER_PATHS = NO;
				CLANG_ANALYZER_NONNULL = YES;
				CLANG_ANALYZER_NUMBER_OBJECT_CONVERSION = YES_AGGRESSIVE;
				CLANG_CXX_LANGUAGE_STANDARD = "gnu++20";
				CLANG_ENABLE_MODULES = YES;
				CLANG_ENABLE_OBJC_ARC = YES;
				CLANG_ENABLE_OBJC_WEAK = YES;
				CLANG_WARN_BLOCK_CAPTURE_AUTORELEASING = YES;
				CLANG_WARN_BOOL_CONVERSION = YES;
				CLANG_WARN_COMMA = YES;
				CLANG_WARN_CONSTANT_CONVERSION = YES;
				CLANG_WARN_DEPRECATED_OBJC_IMPLEMENTATIONS = YES;
				CLANG_WARN_DIRECT_OBJC_ISA_USAGE = YES_ERROR;
				CLANG_WARN_DOCUMENTATION_COMMENTS = YES;
				CLANG_WARN_EMPTY_BODY = YES;
				CLANG_WARN_ENUM_CONVERSION = YES;
				CLANG_WARN_INFINITE_RECURSION = YES;
				CLANG_WARN_INT_CONVERSION = YES;
				CLANG_WARN_NON_LITERAL_NULL_CONVERSION = YES;
				CLANG_WARN_OBJC_IMPLICIT_RETAIN_SELF = YES;
				CLANG_WARN_OBJC_LITERAL_CONVERSION = YES;
				CLANG_WARN_OBJC_ROOT_CLASS = YES_ERROR;
				CLANG_WARN_QUOTED_INCLUDE_IN_FRAMEWORK_HEADER = YES;
				CLANG_WARN_RANGE_LOOP_ANALYSIS = YES;
				CLANG_WARN_STRICT_PROTOTYPES = YES;
				CLANG_WARN_SUSPICIOUS_MOVE = YES;
				CLANG_WARN_UNGUARDED_AVAILABILITY = YES_AGGRESSIVE;
				CLANG_WARN_UNREACHABLE_CODE = YES;
				CLANG_WARN__DUPLICATE_METHOD_MATCH = YES;
				COPY_PHASE_STRIP = NO;
				DEBUG_INFORMATION_FORMAT = dwarf;
				ENABLE_STRICT_OBJC_MSGSEND = YES;
				ENABLE_TESTABILITY = YES;
				GCC_C_LANGUAGE_STANDARD = gnu11;
				GCC_DYNAMIC_NO_PIC = NO;
				GCC_NO_COMMON_BLOCKS = YES;
				GCC_OPTIMIZATION_LEVEL = 0;
				GCC_PREPROCESSOR_DEFINITIONS = (
					"DEBUG=1",
					"$(inherited)",
				);
				GCC_WARN_64_TO_32_BIT_CONVERSION = YES;
				GCC_WARN_ABOUT_RETURN_TYPE = YES_ERROR;
				GCC_WARN_UNDECLARED_SELECTOR = YES;
				GCC_WARN_UNINITIALIZED_AUTOS = YES_AGGRESSIVE;
				GCC_WARN_UNUSED_FUNCTION = YES;
				GCC_WARN_UNUSED_VARIABLE = YES;
				IPHONEOS_DEPLOYMENT_TARGET = 16.2;
				MTL_ENABLE_DEBUG_INFO = INCLUDE_SOURCE;
				MTL_FAST_MATH = YES;
				ONLY_ACTIVE_ARCH = YES;
				SDKROOT = iphoneos;
				SWIFT_ACTIVE_COMPILATION_CONDITIONS = DEBUG;
				SWIFT_OPTIMIZATION_LEVEL = "-Onone";
			};
			name = Debug;
		};
		9191EA6F299D557300F029E1 /* Release */ = {
			isa = XCBuildConfiguration;
			buildSettings = {
				ALWAYS_SEARCH_USER_PATHS = NO;
				CLANG_ANALYZER_NONNULL = YES;
				CLANG_ANALYZER_NUMBER_OBJECT_CONVERSION = YES_AGGRESSIVE;
				CLANG_CXX_LANGUAGE_STANDARD = "gnu++20";
				CLANG_ENABLE_MODULES = YES;
				CLANG_ENABLE_OBJC_ARC = YES;
				CLANG_ENABLE_OBJC_WEAK = YES;
				CLANG_WARN_BLOCK_CAPTURE_AUTORELEASING = YES;
				CLANG_WARN_BOOL_CONVERSION = YES;
				CLANG_WARN_COMMA = YES;
				CLANG_WARN_CONSTANT_CONVERSION = YES;
				CLANG_WARN_DEPRECATED_OBJC_IMPLEMENTATIONS = YES;
				CLANG_WARN_DIRECT_OBJC_ISA_USAGE = YES_ERROR;
				CLANG_WARN_DOCUMENTATION_COMMENTS = YES;
				CLANG_WARN_EMPTY_BODY = YES;
				CLANG_WARN_ENUM_CONVERSION = YES;
				CLANG_WARN_INFINITE_RECURSION = YES;
				CLANG_WARN_INT_CONVERSION = YES;
				CLANG_WARN_NON_LITERAL_NULL_CONVERSION = YES;
				CLANG_WARN_OBJC_IMPLICIT_RETAIN_SELF = YES;
				CLANG_WARN_OBJC_LITERAL_CONVERSION = YES;
				CLANG_WARN_OBJC_ROOT_CLASS = YES_ERROR;
				CLANG_WARN_QUOTED_INCLUDE_IN_FRAMEWORK_HEADER = YES;
				CLANG_WARN_RANGE_LOOP_ANALYSIS = YES;
				CLANG_WARN_STRICT_PROTOTYPES = YES;
				CLANG_WARN_SUSPICIOUS_MOVE = YES;
				CLANG_WARN_UNGUARDED_AVAILABILITY = YES_AGGRESSIVE;
				CLANG_WARN_UNREACHABLE_CODE = YES;
				CLANG_WARN__DUPLICATE_METHOD_MATCH = YES;
				COPY_PHASE_STRIP = NO;
				DEBUG_INFORMATION_FORMAT = "dwarf-with-dsym";
				ENABLE_NS_ASSERTIONS = NO;
				ENABLE_STRICT_OBJC_MSGSEND = YES;
				GCC_C_LANGUAGE_STANDARD = gnu11;
				GCC_NO_COMMON_BLOCKS = YES;
				GCC_WARN_64_TO_32_BIT_CONVERSION = YES;
				GCC_WARN_ABOUT_RETURN_TYPE = YES_ERROR;
				GCC_WARN_UNDECLARED_SELECTOR = YES;
				GCC_WARN_UNINITIALIZED_AUTOS = YES_AGGRESSIVE;
				GCC_WARN_UNUSED_FUNCTION = YES;
				GCC_WARN_UNUSED_VARIABLE = YES;
				IPHONEOS_DEPLOYMENT_TARGET = 16.2;
				MTL_ENABLE_DEBUG_INFO = NO;
				MTL_FAST_MATH = YES;
				SDKROOT = iphoneos;
				SWIFT_COMPILATION_MODE = wholemodule;
				SWIFT_OPTIMIZATION_LEVEL = "-O";
				VALIDATE_PRODUCT = YES;
			};
			name = Release;
		};
		9191EA71299D557300F029E1 /* Debug */ = {
			isa = XCBuildConfiguration;
			buildSettings = {
				ASSETCATALOG_COMPILER_APPICON_NAME = AppIcon;
				ASSETCATALOG_COMPILER_GLOBAL_ACCENT_COLOR_NAME = AccentColor;
				CODE_SIGN_STYLE = Automatic;
				CURRENT_PROJECT_VERSION = 1;
				DEVELOPMENT_ASSET_PATHS = "\"LoginProject/Preview Content\"";
				DEVELOPMENT_TEAM = A83DTTZX83;
				ENABLE_PREVIEWS = YES;
				GENERATE_INFOPLIST_FILE = YES;
				INFOPLIST_FILE = LoginProject/Info.plist;
				INFOPLIST_KEY_UIApplicationSceneManifest_Generation = YES;
				INFOPLIST_KEY_UIApplicationSupportsIndirectInputEvents = YES;
				INFOPLIST_KEY_UILaunchScreen_Generation = YES;
				INFOPLIST_KEY_UISupportedInterfaceOrientations_iPad = "UIInterfaceOrientationPortrait UIInterfaceOrientationPortraitUpsideDown UIInterfaceOrientationLandscapeLeft UIInterfaceOrientationLandscapeRight";
				INFOPLIST_KEY_UISupportedInterfaceOrientations_iPhone = "UIInterfaceOrientationPortrait UIInterfaceOrientationLandscapeLeft UIInterfaceOrientationLandscapeRight";
				LD_RUNPATH_SEARCH_PATHS = (
					"$(inherited)",
					"@executable_path/Frameworks",
				);
				MARKETING_VERSION = 1.0;
				PRODUCT_BUNDLE_IDENTIFIER = com.AdiAmoyal.LoginProject;
				PRODUCT_NAME = "$(TARGET_NAME)";
				SWIFT_EMIT_LOC_STRINGS = YES;
				SWIFT_VERSION = 5.0;
				TARGETED_DEVICE_FAMILY = "1,2";
			};
			name = Debug;
		};
		9191EA72299D557300F029E1 /* Release */ = {
			isa = XCBuildConfiguration;
			buildSettings = {
				ASSETCATALOG_COMPILER_APPICON_NAME = AppIcon;
				ASSETCATALOG_COMPILER_GLOBAL_ACCENT_COLOR_NAME = AccentColor;
				CODE_SIGN_STYLE = Automatic;
				CURRENT_PROJECT_VERSION = 1;
				DEVELOPMENT_ASSET_PATHS = "\"LoginProject/Preview Content\"";
				DEVELOPMENT_TEAM = A83DTTZX83;
				ENABLE_PREVIEWS = YES;
				GENERATE_INFOPLIST_FILE = YES;
				INFOPLIST_FILE = LoginProject/Info.plist;
				INFOPLIST_KEY_UIApplicationSceneManifest_Generation = YES;
				INFOPLIST_KEY_UIApplicationSupportsIndirectInputEvents = YES;
				INFOPLIST_KEY_UILaunchScreen_Generation = YES;
				INFOPLIST_KEY_UISupportedInterfaceOrientations_iPad = "UIInterfaceOrientationPortrait UIInterfaceOrientationPortraitUpsideDown UIInterfaceOrientationLandscapeLeft UIInterfaceOrientationLandscapeRight";
				INFOPLIST_KEY_UISupportedInterfaceOrientations_iPhone = "UIInterfaceOrientationPortrait UIInterfaceOrientationLandscapeLeft UIInterfaceOrientationLandscapeRight";
				LD_RUNPATH_SEARCH_PATHS = (
					"$(inherited)",
					"@executable_path/Frameworks",
				);
				MARKETING_VERSION = 1.0;
				PRODUCT_BUNDLE_IDENTIFIER = com.AdiAmoyal.LoginProject;
				PRODUCT_NAME = "$(TARGET_NAME)";
				SWIFT_EMIT_LOC_STRINGS = YES;
				SWIFT_VERSION = 5.0;
				TARGETED_DEVICE_FAMILY = "1,2";
			};
			name = Release;
		};
/* End XCBuildConfiguration section */

/* Begin XCConfigurationList section */
		9191EA5D299D557100F029E1 /* Build configuration list for PBXProject "LoginProject" */ = {
			isa = XCConfigurationList;
			buildConfigurations = (
				9191EA6E299D557300F029E1 /* Debug */,
				9191EA6F299D557300F029E1 /* Release */,
			);
			defaultConfigurationIsVisible = 0;
			defaultConfigurationName = Release;
		};
		9191EA70299D557300F029E1 /* Build configuration list for PBXNativeTarget "LoginProject" */ = {
			isa = XCConfigurationList;
			buildConfigurations = (
				9191EA71299D557300F029E1 /* Debug */,
				9191EA72299D557300F029E1 /* Release */,
			);
			defaultConfigurationIsVisible = 0;
			defaultConfigurationName = Release;
		};
/* End XCConfigurationList section */

/* Begin XCRemoteSwiftPackageReference section */
		9191EA73299D5C8E00F029E1 /* XCRemoteSwiftPackageReference "firebase-ios-sdk" */ = {
			isa = XCRemoteSwiftPackageReference;
			repositoryURL = "https://github.com/firebase/firebase-ios-sdk";
			requirement = {
				kind = upToNextMajorVersion;
				minimumVersion = 9.0.0;
			};
		};
		9191EA76299D5EF900F029E1 /* XCRemoteSwiftPackageReference "GoogleSignIn-iOS" */ = {
			isa = XCRemoteSwiftPackageReference;
			repositoryURL = "https://github.com/google/GoogleSignIn-iOS/";
			requirement = {
				kind = upToNextMajorVersion;
				minimumVersion = 7.0.0;
			};
		};
/* End XCRemoteSwiftPackageReference section */

/* Begin XCSwiftPackageProductDependency section */
		9191EA74299D5C8E00F029E1 /* FirebaseAuth */ = {
			isa = XCSwiftPackageProductDependency;
			package = 9191EA73299D5C8E00F029E1 /* XCRemoteSwiftPackageReference "firebase-ios-sdk" */;
			productName = FirebaseAuth;
		};
		9191EA77299D5EF900F029E1 /* GoogleSignIn */ = {
			isa = XCSwiftPackageProductDependency;
			package = 9191EA76299D5EF900F029E1 /* XCRemoteSwiftPackageReference "GoogleSignIn-iOS" */;
			productName = GoogleSignIn;
		};
		9191EA79299D5EF900F029E1 /* GoogleSignInSwift */ = {
			isa = XCSwiftPackageProductDependency;
			package = 9191EA76299D5EF900F029E1 /* XCRemoteSwiftPackageReference "GoogleSignIn-iOS" */;
			productName = GoogleSignInSwift;
		};
		91A584A9299E96FC001A3BC3 /* FirebaseDatabase */ = {
			isa = XCSwiftPackageProductDependency;
			package = 9191EA73299D5C8E00F029E1 /* XCRemoteSwiftPackageReference "firebase-ios-sdk" */;
			productName = FirebaseDatabase;
		};
		91A584AB299E96FC001A3BC3 /* FirebaseFirestore */ = {
			isa = XCSwiftPackageProductDependency;
			package = 9191EA73299D5C8E00F029E1 /* XCRemoteSwiftPackageReference "firebase-ios-sdk" */;
			productName = FirebaseFirestore;
		};
		91A584AD299E96FC001A3BC3 /* FirebaseStorage */ = {
			isa = XCSwiftPackageProductDependency;
			package = 9191EA73299D5C8E00F029E1 /* XCRemoteSwiftPackageReference "firebase-ios-sdk" */;
			productName = FirebaseStorage;
		};
/* End XCSwiftPackageProductDependency section */
	};
	rootObject = 9191EA5A299D557100F029E1 /* Project object */;
}
